
Microsoft Visual Studio Solution File, Format Version 12.00
# Visual Studio Version 16
VisualStudioVersion = 16.0.29709.97
MinimumVisualStudioVersion = 10.0.40219.1
Project("{FAE04EC0-301F-11D3-BF4B-00C04F79EFBC}") = "QuoteRepository", "QuoteRepository\QuoteRepository.csproj", "{E6FD3B23-91FE-45BD-A394-B3E51110F866}"
EndProject
Project("{FAE04EC0-301F-11D3-BF4B-00C04F79EFBC}") = "QuoteModels", "QuoteModels\QuoteModels.csproj", "{A8825536-BE2A-4373-8ED8-5F88978D40A3}"
EndProject
Project("{FAE04EC0-301F-11D3-BF4B-00C04F79EFBC}") = "QuoteManager", "QuoteManager\QuoteManager.csproj", "{212C92E7-8D28-47DE-917A-1D16DD59BC4F}"
EndProject
Global
	GlobalSection(SolutionConfigurationPlatforms) = preSolution
		Debug|Any CPU = Debug|Any CPU
		Release|Any CPU = Release|Any CPU
	EndGlobalSection
	GlobalSection(ProjectConfigurationPlatforms) = postSolution
		{E6FD3B23-91FE-45BD-A394-B3E51110F866}.Debug|Any CPU.ActiveCfg = Debug|Any CPU
		{E6FD3B23-91FE-45BD-A394-B3E51110F866}.Debug|Any CPU.Build.0 = Debug|Any CPU
		{E6FD3B23-91FE-45BD-A394-B3E51110F866}.Release|Any CPU.ActiveCfg = Release|Any CPU
		{E6FD3B23-91FE-45BD-A394-B3E51110F866}.Release|Any CPU.Build.0 = Release|Any CPU
		{A8825536-BE2A-4373-8ED8-5F88978D40A3}.Debug|Any CPU.ActiveCfg = Debug|Any CPU
		{A8825536-BE2A-4373-8ED8-5F88978D40A3}.Debug|Any CPU.Build.0 = Debug|Any CPU
		{A8825536-BE2A-4373-8ED8-5F88978D40A3}.Release|Any CPU.ActiveCfg = Release|Any CPU
		{A8825536-BE2A-4373-8ED8-5F88978D40A3}.Release|Any CPU.Build.0 = Release|Any CPU
		{212C92E7-8D28-47DE-917A-1D16DD59BC4F}.Debug|Any CPU.ActiveCfg = Debug|Any CPU
		{212C92E7-8D28-47DE-917A-1D16DD59BC4F}.Debug|Any CPU.Build.0 = Debug|Any CPU
		{212C92E7-8D28-47DE-917A-1D16DD59BC4F}.Release|Any CPU.ActiveCfg = Release|Any CPU
		{212C92E7-8D28-47DE-917A-1D16DD59BC4F}.Release|Any CPU.Build.0 = Release|Any CPU
	EndGlobalSection
	GlobalSection(SolutionProperties) = preSolution
		HideSolutionNode = FALSE
	EndGlobalSection
	GlobalSection(ExtensibilityGlobals) = postSolution
		SolutionGuid = {3F5D67D2-92EF-4104-884C-56B5DB4A6647}
	EndGlobalSection
EndGlobal
